Microsoft Visual Studio Solution File, Format Version 12.00
# Visual Studio Version 17
VisualStudioVersion = 17.13.35919.96
MinimumVisualStudioVersion = 10.0.40219.1
Project("{FAE04EC0-301F-11D3-BF4B-00C04F79EFBC}") = "IgroVedStore", "IgroVedStore\IgroVedStore.csproj", "{66DF0017-0933-4B8D-8A56-517F3CBDAEDB}"
EndProject
Global
	GlobalSection(SolutionConfigurationPlatforms) = preSolution
		Debug|Any CPU = Debug|Any CPU
		Release|Any CPU = Release|Any CPU
	EndGlobalSection
	GlobalSection(ProjectConfigurationPlatforms) = postSolution
		{66DF0017-0933-4B8D-8A56-517F3CBDAEDB}.Debug|Any CPU.ActiveCfg = Debug|Any CPU
		{66DF0017-0933-4B8D-8A56-517F3CBDAEDB}.Debug|Any CPU.Build.0 = Debug|Any CPU
		{66DF0017-0933-4B8D-8A56-517F3CBDAEDB}.Release|Any CPU.ActiveCfg = Release|Any CPU
		{66DF0017-0933-4B8D-8A56-517F3CBDAEDB}.Release|Any CPU.Build.0 = Release|Any CPU
	EndGlobalSection
	GlobalSection(SolutionProperties) = preSolution
		HideSolutionNode = FALSE
	EndGlobalSection
	GlobalSection(ExtensibilityGlobals) = postSolution
		SolutionGuid = {3D1F3BB7-9D6E-4B88-9AEF-176862E6DE90}
	EndGlobalSection
EndGlobal
